
Microsoft Visual Studio Solution File, Format Version 12.00
# Visual Studio Version 16
VisualStudioVersion = 16.0.29519.87
MinimumVisualStudioVersion = 10.0.40219.1
Project("{FAE04EC0-301F-11D3-BF4B-00C04F79EFBC}") = "CSharpAdvance", "CSharpAdvance\CSharpAdvance.csproj", "{832A4561-BBC7-4F70-B52A-C92FC424539C}"
EndProject
Global
	GlobalSection(SolutionConfigurationPlatforms) = preSolution
		Debug|Any CPU = Debug|Any CPU
		Release|Any CPU = Release|Any CPU
	EndGlobalSection
	GlobalSection(ProjectConfigurationPlatforms) = postSolution
		{832A4561-BBC7-4F70-B52A-C92FC424539C}.Debug|Any CPU.ActiveCfg = Debug|Any CPU
		{832A4561-BBC7-4F70-B52A-C92FC424539C}.Debug|Any CPU.Build.0 = Debug|Any CPU
		{832A4561-BBC7-4F70-B52A-C92FC424539C}.Release|Any CPU.ActiveCfg = Release|Any CPU
		{832A4561-BBC7-4F70-B52A-C92FC424539C}.Release|Any CPU.Build.0 = Release|Any CPU
	EndGlobalSection
	GlobalSection(SolutionProperties) = preSolution
		HideSolutionNode = FALSE
	EndGlobalSection
	GlobalSection(ExtensibilityGlobals) = postSolution
		SolutionGuid = {A9F01741-AF57-44F9-A904-74F03AC3F231}
	EndGlobalSection
EndGlobal
